# THIS IS AN AUTOGENERATED FILE. DO NOT EDIT THIS FILE DIRECTLY.
# yarn lockfile v1


"@0x/abi-gen-wrappers@^2.2.0":
  version "2.2.0"
  resolved "https://registry.yarnpkg.com/@0x/abi-gen-wrappers/-/abi-gen-wrappers-2.2.0.tgz#1c86ea6bab87647a6329b1a2decd82f3d65e6af5"
  integrity sha512-tWL5h/uHIl9VgP0kRVbduF/uxqjRKXDtptGCn4aicd3b1KCWoHseRqAScbp0+imVyenRDUSKYVkmIfZVzjyVJg==
  dependencies:
    "@0x/base-contract" "^3.0.13"

"@0x/assert@^1.0.23":
  version "1.0.23"
  resolved "https://registry.yarnpkg.com/@0x/assert/-/assert-1.0.23.tgz#2f663efae9b0ba2a00f2d5821b7a767f87058d3d"
  integrity sha512-0Y4R97o+GgCydQUMXbDpHyI0S5ix2Vm0eeNQTD2SSqPIXhJf4eykXCnfDLz9R8wODz51ry9oi3cOMQ2ShONN7Q==
  dependencies:
    "@0x/json-schemas" "^2.1.7"
    "@0x/typescript-typings" "^3.0.8"
    "@0x/utils" "^3.0.1"
    lodash "^4.17.5"
    valid-url "^1.0.9"

"@0x/base-contract@^3.0.13":
  version "3.0.13"
  resolved "https://registry.yarnpkg.com/@0x/base-contract/-/base-contract-3.0.13.tgz#216515d345c3e06d0afe8e7de304a58e92c39516"
  integrity sha512-iMyFyYa05dUkyKfAToi8J7dh+KK2i1ntZfOCOnw8pGsj/iScykFrj7pOXy3uz6hwKgGpHPRTfAt+heCP6pzu8w==
  dependencies:
    "@0x/typescript-typings" "^3.0.8"
    "@0x/utils" "^3.0.1"
    "@0x/web3-wrapper" "^3.2.4"
    ethereum-types "^1.1.6"
    ethers "~4.0.4"
    lodash "^4.17.5"

"@0x/connect@^3.0.13":
  version "3.0.13"
  resolved "https://registry.yarnpkg.com/@0x/connect/-/connect-3.0.13.tgz#31dba78d38d8c13491c35e5bcfc04c6c79cf8154"
  integrity sha512-8E7BlhJc9ULMEIV3T3blsG/NVqh7qDZB/k8dnOP9J+HwjkMHFhXA9c5Yxpdh/2RaAz2NtetakyyrxQQ/VLOM1g==
  dependencies:
    "@0x/assert" "^1.0.23"
    "@0x/json-schemas" "^2.1.7"
    "@0x/order-utils" "^3.1.2"
    "@0x/types" "^1.5.2"
    "@0x/typescript-typings" "^3.0.8"
    "@0x/utils" "^3.0.1"
    lodash "^4.17.5"
    query-string "^5.0.1"
    sinon "^4.0.0"
    uuid "^3.3.2"
    websocket "^1.0.25"

"@0x/contract-artifacts@^1.3.0":
  version "1.3.0"
  resolved "https://registry.yarnpkg.com/@0x/contract-artifacts/-/contract-artifacts-1.3.0.tgz#74320b68206e2754318568c14593c6a28e853675"
  integrity sha512-K1is/mTIWB/v4TJZGmX/9N8z5wOVjsixVmRks9I70Rki7CmPBShNZQA2rVAUZwnr/JNy0M8rWj4NgWsdFh4qYw==

"@0x/json-schemas@^2.1.7":
  version "2.1.7"
  resolved "https://registry.yarnpkg.com/@0x/json-schemas/-/json-schemas-2.1.7.tgz#19e34f6c9cb3b0f112d1e4722c3951fa6d147b44"
  integrity sha512-DCuoBtJTMOF0wzwvfqj+aAsWPmIgwsKEN+d/jVc5Nb8vVaKh9gRRxI+Fkcl5D2EofXSmNzg1NrtDWdCb2VDRcg==
  dependencies:
    "@0x/typescript-typings" "^3.0.8"
    "@types/node" "*"
    jsonschema "^1.2.0"
    lodash.values "^4.3.0"

"@0x/order-utils@^3.1.2":
  version "3.1.2"
  resolved "https://registry.yarnpkg.com/@0x/order-utils/-/order-utils-3.1.2.tgz#6b7b76927647ffc276e78a5114f4791dd2c97545"
  integrity sha512-smrA8HeZ3k/zSI4piKpF+V28cEUX06JWuSS1CfjeO6jOeQIesvP7Hy6m/g1ODEktleNUISmVmoz8QuN4uijYgw==
  dependencies:
    "@0x/abi-gen-wrappers" "^2.2.0"
    "@0x/assert" "^1.0.23"
    "@0x/base-contract" "^3.0.13"
    "@0x/contract-artifacts" "^1.3.0"
    "@0x/json-schemas" "^2.1.7"
    "@0x/types" "^1.5.2"
    "@0x/typescript-typings" "^3.0.8"
    "@0x/utils" "^3.0.1"
    "@0x/web3-wrapper" "^3.2.4"
    "@types/node" "*"
    bn.js "^4.11.8"
    ethereum-types "^1.1.6"
    ethereumjs-abi "0.6.5"
    ethereumjs-util "^5.1.1"
    ethers "~4.0.4"
    lodash "^4.17.5"

"@0x/types@^1.5.2":
  version "1.5.2"
  resolved "https://registry.yarnpkg.com/@0x/types/-/types-1.5.2.tgz#19c99ff796664fc256facb10e704aa6541912551"
  integrity sha512-73Q5k55SHgSrt3SUwbiySBgrNEJG5WWriTjgjUzcCSYGMLawC1X/wV1cfMsP8kCqH8jWcIiPdUoGXutXjC8jQg==
  dependencies:
    "@types/node" "*"
    bignumber.js "~4.1.0"
    ethereum-types "^1.1.6"

"@0x/typescript-typings@^3.0.8":
  version "3.0.8"
  resolved "https://registry.yarnpkg.com/@0x/typescript-typings/-/typescript-typings-3.0.8.tgz#85689e477c1cb5e5bd3eeee0dd1e73e9c2f1db83"
  integrity sha512-WVH/Cy5/XE+fXuiriraw77pkNJc+GCUsoWLD+EMJDeBzJih/XNogZcTn1f1JApmJUX1ag05rNQ5ISQikp17YUw==
  dependencies:
    "@types/bn.js" "^4.11.0"
    "@types/react" "*"
    bignumber.js "~4.1.0"
    ethereum-types "^1.1.6"
    popper.js "1.14.3"

"@0x/utils@^3.0.1":
  version "3.0.1"
  resolved "https://registry.yarnpkg.com/@0x/utils/-/utils-3.0.1.tgz#20ada4a98f001c0a6656d45ae56e111b73ef8803"
  integrity sha512-WlOmu1aZG7/a+5z1ehmoMNCgDc2s5bdVz/hD1mywSCHeJ0CqEaElTL4zXYoMxqV/wFMmwKTlQfGKwW1xKMjI4Q==
  dependencies:
    "@0x/types" "^1.5.2"
    "@0x/typescript-typings" "^3.0.8"
    "@types/node" "*"
    abortcontroller-polyfill "^1.1.9"
    bignumber.js "~4.1.0"
    chalk "^2.4.1"
    detect-node "2.0.3"
    ethereum-types "^1.1.6"
    ethereumjs-util "^5.1.1"
    ethers "~4.0.4"
    isomorphic-fetch "^2.2.1"
    js-sha3 "^0.7.0"
    lodash "^4.17.5"

"@0x/web3-wrapper@^3.2.4":
  version "3.2.4"
  resolved "https://registry.yarnpkg.com/@0x/web3-wrapper/-/web3-wrapper-3.2.4.tgz#02d84e36866d3b7c4b71ed2ddf23c05f73bb340d"
  integrity sha512-SigiSuGNEsJceKZcV77JlcTXFw9PGP3LyqGQz5/m8UcTkfrR5ZyeTxmCMsp14nLKzDY+BGqUy2pyjctfpP8iPA==
  dependencies:
    "@0x/assert" "^1.0.23"
    "@0x/json-schemas" "^2.1.7"
    "@0x/typescript-typings" "^3.0.8"
    "@0x/utils" "^3.0.1"
    ethereum-types "^1.1.6"
    ethereumjs-util "^5.1.1"
    ethers "~4.0.4"
    lodash "^4.17.5"

"@sinonjs/commons@^1.0.2":
  version "1.3.0"
  resolved "https://registry.yarnpkg.com/@sinonjs/commons/-/commons-1.3.0.tgz#50a2754016b6f30a994ceda6d9a0a8c36adda849"
  integrity sha512-j4ZwhaHmwsCb4DlDOIWnI5YyKDNMoNThsmwEpfHx6a1EpsGZ9qYLxP++LMlmBRjtGptGHFsGItJ768snllFWpA==
  dependencies:
    type-detect "4.0.8"

"@sinonjs/formatio@^2.0.0":
  version "2.0.0"
  resolved "https://registry.yarnpkg.com/@sinonjs/formatio/-/formatio-2.0.0.tgz#84db7e9eb5531df18a8c5e0bfb6e449e55e654b2"
  integrity sha512-ls6CAMA6/5gG+O/IdsBcblvnd8qcO/l1TYoNeAzp3wcISOxlPXQEus0mLcdwazEkWjaBdaJ3TaxmNgCLWwvWzg==
  dependencies:
    samsam "1.3.0"

"@sinonjs/formatio@^3.1.0":
  version "3.1.0"
  resolved "https://registry.yarnpkg.com/@sinonjs/formatio/-/formatio-3.1.0.tgz#6ac9d1eb1821984d84c4996726e45d1646d8cce5"
  integrity sha512-ZAR2bPHOl4Xg6eklUGpsdiIJ4+J1SNag1DHHrG/73Uz/nVwXqjgUtRPLoS+aVyieN9cSbc0E4LsU984tWcDyNg==
  dependencies:
    "@sinonjs/samsam" "^2 || ^3"

"@sinonjs/samsam@^2 || ^3":
  version "3.0.2"
  resolved "https://registry.yarnpkg.com/@sinonjs/samsam/-/samsam-3.0.2.tgz#304fb33bd5585a0b2df8a4c801fcb47fa84d8e43"
  integrity sha512-m08g4CS3J6lwRQk1pj1EO+KEVWbrbXsmi9Pw0ySmrIbcVxVaedoFgLvFsV8wHLwh01EpROVz3KvVcD1Jmks9FQ==
  dependencies:
    "@sinonjs/commons" "^1.0.2"
    array-from "^2.1.1"
    lodash.get "^4.4.2"

"@types/bn.js@^4.11.0":
  version "4.11.4"
  resolved "https://registry.yarnpkg.com/@types/bn.js/-/bn.js-4.11.4.tgz#a7bed5bdef9f16b25c92ba27745ab261374787d7"
  integrity sha512-AO8WW+aRcKWKQAYTfKLzwnpL6U+TfPqS+haRrhCy5ff04Da8WZud3ZgVjspQXaEXJDcTlsjUEVvL39wegDek5w==
  dependencies:
    "@types/node" "*"

"@types/node@*", "@types/node@^10.3.2":
  version "10.12.18"
  resolved "https://registry.yarnpkg.com/@types/node/-/node-10.12.18.tgz#1d3ca764718915584fcd9f6344621b7672665c67"
  integrity sha512-fh+pAqt4xRzPfqA6eh3Z2y6fyZavRIumvjhaCL753+TVkGKGhpPeyrJG2JftD0T9q4GF00KjefsQ+PQNDdWQaQ==

"@types/prop-types@*":
  version "15.5.8"
  resolved "https://registry.yarnpkg.com/@types/prop-types/-/prop-types-15.5.8.tgz#8ae4e0ea205fe95c3901a5a1df7f66495e3a56ce"
  integrity sha512-3AQoUxQcQtLHsK25wtTWIoIpgYjH3vSDroZOUr7PpCHw/jLY1RB9z9E8dBT/OSmwStVgkRNvdh+ZHNiomRieaw==

"@types/react@*":
  version "16.7.20"
  resolved "https://registry.yarnpkg.com/@types/react/-/react-16.7.20.tgz#13ae752c012710d0fa800985ca809814b51d3b58"
  integrity sha512-Qd5RWkwl6SL7R2XzLk/cicjVQm1Mhc6HqXY5Ei4pWd1Vi8Fkbd5O0sA398x8fRSTPAuHdDYD9nrWmJMYTJI0vQ==
  dependencies:
    "@types/prop-types" "*"
    csstype "^2.2.0"

abortcontroller-polyfill@^1.1.9:
  version "1.2.1"
  resolved "https://registry.yarnpkg.com/abortcontroller-polyfill/-/abortcontroller-polyfill-1.2.1.tgz#4e88847513a4ed691d5e4899d8b3a3af6f7d90ee"
  integrity sha512-9jN7+BijYKWO8fxfcG7QZh7js6V+g3OjkxMRHfKWNjjs85048VY4cd27Uoe6yk55P66L/z7Dflu5+YEApgMzkA==

aes-js@3.0.0:
  version "3.0.0"
  resolved "https://registry.yarnpkg.com/aes-js/-/aes-js-3.0.0.tgz#e21df10ad6c2053295bcbb8dab40b09dbea87e4d"
  integrity sha1-4h3xCtbCBTKVvLuNq0Cwnb6ofk0=

ansi-styles@^3.2.1:
  version "3.2.1"
  resolved "https://registry.yarnpkg.com/ansi-styles/-/ansi-styles-3.2.1.tgz#41fbb20243e50b12be0f04b8dedbf07520ce841d"
  integrity sha512-VT0ZI6kZRdTh8YyJw3SMbYm/u+NqfsAxEpWO0Pf9sq8/e94WxxOpPKx9FR1FlyCtOVDNOQ+8ntlqFxiRc+r5qA==
  dependencies:
    color-convert "^1.9.0"

array-from@^2.1.1:
  version "2.1.1"
  resolved "https://registry.yarnpkg.com/array-from/-/array-from-2.1.1.tgz#cfe9d8c26628b9dc5aecc62a9f5d8f1f352c1195"
  integrity sha1-z+nYwmYoudxa7MYqn12PHzUsEZU=

bignumber.js@~4.1.0:
  version "4.1.0"
  resolved "https://registry.yarnpkg.com/bignumber.js/-/bignumber.js-4.1.0.tgz#db6f14067c140bd46624815a7916c92d9b6c24b1"
  integrity sha512-eJzYkFYy9L4JzXsbymsFn3p54D+llV27oTQ+ziJG7WFRheJcNZilgVXMG0LoZtlQSKBsJdWtLFqOD0u+U0jZKA==

bindings@^1.2.1:
  version "1.3.1"
  resolved "https://registry.yarnpkg.com/bindings/-/bindings-1.3.1.tgz#21fc7c6d67c18516ec5aaa2815b145ff77b26ea5"
  integrity sha512-i47mqjF9UbjxJhxGf+pZ6kSxrnI3wBLlnGI2ArWJ4r0VrvDS7ZYXkprq/pLaBWYq4GM0r4zdHY+NNRqEMU7uew==

bip66@^1.1.3:
  version "1.1.5"
  resolved "https://registry.yarnpkg.com/bip66/-/bip66-1.1.5.tgz#01fa8748785ca70955d5011217d1b3139969ca22"
  integrity sha1-AfqHSHhcpwlV1QESF9GzE5lpyiI=
  dependencies:
    safe-buffer "^5.0.1"

bn.js@^4.10.0, bn.js@^4.11.0, bn.js@^4.11.1, bn.js@^4.11.3, bn.js@^4.11.8, bn.js@^4.4.0, bn.js@^4.8.0:
  version "4.11.8"
  resolved "https://registry.yarnpkg.com/bn.js/-/bn.js-4.11.8.tgz#2cde09eb5ee341f484746bb0309b3253b1b1442f"
  integrity sha512-ItfYfPLkWHUjckQCk8xC+LwxgK8NYcXywGigJgSwOP8Y2iyWT4f2vsZnoOXTTbo+o5yXmIUJ4gn5538SO5S3gA==

brorand@^1.0.1:
  version "1.1.0"
  resolved "https://registry.yarnpkg.com/brorand/-/brorand-1.1.0.tgz#12c25efe40a45e3c323eb8675a0a0ce57b22371f"
  integrity sha1-EsJe/kCkXjwyPrhnWgoM5XsiNx8=

browserify-aes@^1.0.6:
  version "1.2.0"
  resolved "https://registry.yarnpkg.com/browserify-aes/-/browserify-aes-1.2.0.tgz#326734642f403dabc3003209853bb70ad428ef48"
  integrity sha512-+7CHXqGuspUn/Sl5aO7Ea0xWGAtETPXNSAjHo48JfLdPWcMng33Xe4znFvQweqc/uzk5zSOI3H52CYnjCfb5hA==
  dependencies:
    buffer-xor "^1.0.3"
    cipher-base "^1.0.0"
    create-hash "^1.1.0"
    evp_bytestokey "^1.0.3"
    inherits "^2.0.1"
    safe-buffer "^5.0.1"

browserify-sha3@^0.0.4:
  version "0.0.4"
  resolved "https://registry.yarnpkg.com/browserify-sha3/-/browserify-sha3-0.0.4.tgz#086c47b8c82316c9d47022c26185954576dd8e26"
  integrity sha1-CGxHuMgjFsnUcCLCYYWVRXbdjiY=
  dependencies:
    js-sha3 "^0.6.1"
    safe-buffer "^5.1.1"

buffer-xor@^1.0.3:
  version "1.0.3"
  resolved "https://registry.yarnpkg.com/buffer-xor/-/buffer-xor-1.0.3.tgz#26e61ed1422fb70dd42e6e36729ed51d855fe8d9"
  integrity sha1-JuYe0UIvtw3ULm42cp7VHYVf6Nk=

chalk@^2.4.1:
  version "2.4.2"
  resolved "https://registry.yarnpkg.com/chalk/-/chalk-2.4.2.tgz#cd42541677a54333cf541a49108c1432b44c9424"
  integrity sha512-Mti+f9lpJNcwF4tWV8/OrTTtF1gZi+f8FqlyAdouralcFWFQWF2+NgCHShjkCb+IFBLq9buZwE1xckQU4peSuQ==
  dependencies:
    ansi-styles "^3.2.1"
    escape-string-regexp "^1.0.5"
    supports-color "^5.3.0"

cipher-base@^1.0.0, cipher-base@^1.0.1, cipher-base@^1.0.3:
  version "1.0.4"
  resolved "https://registry.yarnpkg.com/cipher-base/-/cipher-base-1.0.4.tgz#8760e4ecc272f4c363532f926d874aae2c1397de"
  integrity sha512-Kkht5ye6ZGmwv40uUDZztayT2ThLQGfnj/T71N/XzeZeo3nf8foyW7zGTsPYkEya3m5f3cAypH+qe7YOrM1U2Q==
  dependencies:
    inherits "^2.0.1"
    safe-buffer "^5.0.1"

color-convert@^1.9.0:
  version "1.9.3"
  resolved "https://registry.yarnpkg.com/color-convert/-/color-convert-1.9.3.tgz#bb71850690e1f136567de629d2d5471deda4c1e8"
  integrity sha512-QfAUtd+vFdAtFQcC8CCyYt1fYWxSqAiK2cSD6zDB8N3cpsEBAvRxp9zOGg6G/SHHJYAT88/az/IuDGALsNVbGg==
  dependencies:
    color-name "1.1.3"

color-name@1.1.3:
  version "1.1.3"
  resolved "https://registry.yarnpkg.com/color-name/-/color-name-1.1.3.tgz#a7d0558bd89c42f795dd42328f740831ca53bc25"
  integrity sha1-p9BVi9icQveV3UIyj3QIMcpTvCU=

create-hash@^1.1.0, create-hash@^1.1.2:
  version "1.2.0"
  resolved "https://registry.yarnpkg.com/create-hash/-/create-hash-1.2.0.tgz#889078af11a63756bcfb59bd221996be3a9ef196"
  integrity sha512-z00bCGNHDG8mHAkP7CtT1qVu+bFQUPjYq/4Iv3C3kWjTFV10zIjfSoeqXo9Asws8gwSHDGj/hl2u4OGIjapeCg==
  dependencies:
    cipher-base "^1.0.1"
    inherits "^2.0.1"
    md5.js "^1.3.4"
    ripemd160 "^2.0.1"
    sha.js "^2.4.0"

create-hmac@^1.1.4:
  version "1.1.7"
  resolved "https://registry.yarnpkg.com/create-hmac/-/create-hmac-1.1.7.tgz#69170c78b3ab957147b2b8b04572e47ead2243ff"
  integrity sha512-MJG9liiZ+ogc4TzUwuvbER1JRdgvUFSB5+VR/g5h82fGaIRWMWddtKBHi7/sVhfjQZ6SehlyhvQYrcYkaUIpLg==
  dependencies:
    cipher-base "^1.0.3"
    create-hash "^1.1.0"
    inherits "^2.0.1"
    ripemd160 "^2.0.0"
    safe-buffer "^5.0.1"
    sha.js "^2.4.8"

csstype@^2.2.0:
  version "2.6.0"
  resolved "https://registry.yarnpkg.com/csstype/-/csstype-2.6.0.tgz#6cf7b2fa7fc32aab3d746802c244d4eda71371a2"
  integrity sha512-by8hi8BlLbowQq0qtkx54d9aN73R9oUW20HISpka5kmgsR9F7nnxgfsemuR2sdCKZh+CDNf5egW9UZMm4mgJRg==

debug@^2.2.0:
  version "2.6.9"
  resolved "https://registry.yarnpkg.com/debug/-/debug-2.6.9.tgz#5d128515df134ff327e90a4c93f4e077a536341f"
  integrity sha512-bC7ElrdJaJnPbAP+1EotYvqZsb3ecl5wi6Bfi6BJTUcNowp6cvspg0jXznRTKDjm/E7AdgFBVeAPVMNcKGsHMA==
  dependencies:
    ms "2.0.0"

decode-uri-component@^0.2.0:
  version "0.2.0"
  resolved "https://registry.yarnpkg.com/decode-uri-component/-/decode-uri-component-0.2.0.tgz#eb3913333458775cb84cd1a1fae062106bb87545"
  integrity sha1-6zkTMzRYd1y4TNGh+uBiEGu4dUU=

detect-node@2.0.3:
  version "2.0.3"
  resolved "https://registry.yarnpkg.com/detect-node/-/detect-node-2.0.3.tgz#a2033c09cc8e158d37748fbde7507832bd6ce127"
  integrity sha1-ogM8CcyOFY03dI+951B4Mr1s4Sc=

diff@^3.1.0:
  version "3.5.0"
  resolved "https://registry.yarnpkg.com/diff/-/diff-3.5.0.tgz#800c0dd1e0a8bfbc95835c202ad220fe317e5a12"
  integrity sha512-A46qtFgd+g7pDZinpnwiRJtxbC1hpgf0uzP3iG89scHk0AUC7A1TGxf5OiiOUv/JMZR8GOt8hL900hV0bOy5xA==

drbg.js@^1.0.1:
  version "1.0.1"
  resolved "https://registry.yarnpkg.com/drbg.js/-/drbg.js-1.0.1.tgz#3e36b6c42b37043823cdbc332d58f31e2445480b"
  integrity sha1-Pja2xCs3BDgjzbwzLVjzHiRFSAs=
  dependencies:
    browserify-aes "^1.0.6"
    create-hash "^1.1.2"
    create-hmac "^1.1.4"

elliptic@6.3.3:
  version "6.3.3"
  resolved "https://registry.yarnpkg.com/elliptic/-/elliptic-6.3.3.tgz#5482d9646d54bcb89fd7d994fc9e2e9568876e3f"
  integrity sha1-VILZZG1UvLif19mU/J4ulWiHbj8=
  dependencies:
    bn.js "^4.4.0"
    brorand "^1.0.1"
    hash.js "^1.0.0"
    inherits "^2.0.1"

elliptic@^6.2.3:
  version "6.4.1"
  resolved "https://registry.yarnpkg.com/elliptic/-/elliptic-6.4.1.tgz#c2d0b7776911b86722c632c3c06c60f2f819939a"
  integrity sha512-BsXLz5sqX8OHcsh7CqBMztyXARmGQ3LWPtGjJi6DiJHq5C/qvi9P3OqgswKSDftbu8+IoI/QDTAm2fFnQ9SZSQ==
  dependencies:
    bn.js "^4.4.0"
    brorand "^1.0.1"
    hash.js "^1.0.0"
    hmac-drbg "^1.0.0"
    inherits "^2.0.1"
    minimalistic-assert "^1.0.0"
    minimalistic-crypto-utils "^1.0.0"

encoding@^0.1.11:
  version "0.1.12"
  resolved "https://registry.yarnpkg.com/encoding/-/encoding-0.1.12.tgz#538b66f3ee62cd1ab51ec323829d1f9480c74beb"
  integrity sha1-U4tm8+5izRq1HsMjgp0flIDHS+s=
  dependencies:
    iconv-lite "~0.4.13"

escape-string-regexp@^1.0.5:
  version "1.0.5"
  resolved "https://registry.yarnpkg.com/escape-string-regexp/-/escape-string-regexp-1.0.5.tgz#1b61c0562190a8dff6ae3bb2cf0200ca130b86d4"
  integrity sha1-G2HAViGQqN/2rjuyzwIAyhMLhtQ=

ethereum-types@^1.1.6:
  version "1.1.6"
  resolved "https://registry.yarnpkg.com/ethereum-types/-/ethereum-types-1.1.6.tgz#14437dbf401de361e70dac6358e5f2915ad3c35d"
  integrity sha512-/1ixUyyg0f3Gor+U+3Kc3o9AvS8V5hNVHS9qeNXlooqVee+FIpv5kq+SOgMpKSNSVKp4wBJSjrzp0ShjbKo3bA==
  dependencies:
    "@types/node" "*"
    bignumber.js "~4.1.0"

ethereumjs-abi@0.6.5:
  version "0.6.5"
  resolved "https://registry.yarnpkg.com/ethereumjs-abi/-/ethereumjs-abi-0.6.5.tgz#5a637ef16ab43473fa72a29ad90871405b3f5241"
  integrity sha1-WmN+8Wq0NHP6cqKa2QhxQFs/UkE=
  dependencies:
    bn.js "^4.10.0"
    ethereumjs-util "^4.3.0"

ethereumjs-util@^4.3.0:
  version "4.5.0"
  resolved "https://registry.yarnpkg.com/ethereumjs-util/-/ethereumjs-util-4.5.0.tgz#3e9428b317eebda3d7260d854fddda954b1f1bc6"
  integrity sha1-PpQosxfuvaPXJg2FT93alUsfG8Y=
  dependencies:
    bn.js "^4.8.0"
    create-hash "^1.1.2"
    keccakjs "^0.2.0"
    rlp "^2.0.0"
    secp256k1 "^3.0.1"

ethereumjs-util@^5.1.1:
  version "5.2.0"
  resolved "https://registry.yarnpkg.com/ethereumjs-util/-/ethereumjs-util-5.2.0.tgz#3e0c0d1741471acf1036052d048623dee54ad642"
  integrity sha512-CJAKdI0wgMbQFLlLRtZKGcy/L6pzVRgelIZqRqNbuVFM3K9VEnyfbcvz0ncWMRNCe4kaHWjwRYQcYMucmwsnWA==
  dependencies:
    bn.js "^4.11.0"
    create-hash "^1.1.2"
    ethjs-util "^0.1.3"
    keccak "^1.0.2"
    rlp "^2.0.0"
    safe-buffer "^5.1.1"
    secp256k1 "^3.0.1"

ethers@~4.0.4:
  version "4.0.21"
  resolved "https://registry.yarnpkg.com/ethers/-/ethers-4.0.21.tgz#b3d88fa5f5832383de515769841fe6ad8545a71a"
  integrity sha512-wKW0tG15n91qtnt6e1YUXOeRRiHc03U6qenmLQbjiPLX9KVhNnBKe1kFpRtiiuPp0dyHsWWmtML9pz44pmAO1g==
  dependencies:
    "@types/node" "^10.3.2"
    aes-js "3.0.0"
    bn.js "^4.4.0"
    elliptic "6.3.3"
    hash.js "1.1.3"
    js-sha3 "0.5.7"
    scrypt-js "2.0.4"
    setimmediate "1.0.4"
    uuid "2.0.1"
    xmlhttprequest "1.8.0"

ethjs-util@^0.1.3:
  version "0.1.6"
  resolved "https://registry.yarnpkg.com/ethjs-util/-/ethjs-util-0.1.6.tgz#f308b62f185f9fe6237132fb2a9818866a5cd536"
  integrity sha512-CUnVOQq7gSpDHZVVrQW8ExxUETWrnrvXYvYz55wOU8Uj4VCgw56XC2B/fVqQN+f7gmrnRHSLVnFAwsCuNwji8w==
  dependencies:
    is-hex-prefixed "1.0.0"
    strip-hex-prefix "1.0.0"

evp_bytestokey@^1.0.3:
  version "1.0.3"
  resolved "https://registry.yarnpkg.com/evp_bytestokey/-/evp_bytestokey-1.0.3.tgz#7fcbdb198dc71959432efe13842684e0525acb02"
  integrity sha512-/f2Go4TognH/KvCISP7OUsHn85hT9nUkxxA9BEWxFn+Oj9o8ZNLm/40hdlgSLyuOimsrTKLUMEorQexp/aPQeA==
  dependencies:
    md5.js "^1.3.4"
    safe-buffer "^5.1.1"

has-flag@^3.0.0:
  version "3.0.0"
  resolved "https://registry.yarnpkg.com/has-flag/-/has-flag-3.0.0.tgz#b5d454dc2199ae225699f3467e5a07f3b955bafd"
  integrity sha1-tdRU3CGZriJWmfNGfloH87lVuv0=

hash-base@^3.0.0:
  version "3.0.4"
  resolved "https://registry.yarnpkg.com/hash-base/-/hash-base-3.0.4.tgz#5fc8686847ecd73499403319a6b0a3f3f6ae4918"
  integrity sha1-X8hoaEfs1zSZQDMZprCj8/auSRg=
  dependencies:
    inherits "^2.0.1"
    safe-buffer "^5.0.1"

hash.js@1.1.3:
  version "1.1.3"
  resolved "https://registry.yarnpkg.com/hash.js/-/hash.js-1.1.3.tgz#340dedbe6290187151c1ea1d777a3448935df846"
  integrity sha512-/UETyP0W22QILqS+6HowevwhEFJ3MBJnwTf75Qob9Wz9t0DPuisL8kW8YZMK62dHAKE1c1p+gY1TtOLY+USEHA==
  dependencies:
    inherits "^2.0.3"
    minimalistic-assert "^1.0.0"

hash.js@^1.0.0, hash.js@^1.0.3:
  version "1.1.7"
  resolved "https://registry.yarnpkg.com/hash.js/-/hash.js-1.1.7.tgz#0babca538e8d4ee4a0f8988d68866537a003cf42"
  integrity sha512-taOaskGt4z4SOANNseOviYDvjEJinIkRgmp7LbKP2YTTmVxWBl87s/uzK9r+44BclBSp2X7K1hqeNfz9JbBeXA==
  dependencies:
    inherits "^2.0.3"
    minimalistic-assert "^1.0.1"

hmac-drbg@^1.0.0:
  version "1.0.1"
  resolved "https://registry.yarnpkg.com/hmac-drbg/-/hmac-drbg-1.0.1.tgz#d2745701025a6c775a6c545793ed502fc0c649a1"
  integrity sha1-0nRXAQJabHdabFRXk+1QL8DGSaE=
  dependencies:
    hash.js "^1.0.3"
    minimalistic-assert "^1.0.0"
    minimalistic-crypto-utils "^1.0.1"

iconv-lite@~0.4.13:
  version "0.4.24"
  resolved "https://registry.yarnpkg.com/iconv-lite/-/iconv-lite-0.4.24.tgz#2022b4b25fbddc21d2f524974a474aafe733908b"
  integrity sha512-v3MXnZAcvnywkTUEZomIActle7RXXeedOR31wwl7VlyoXO4Qi9arvSenNQWne1TcRwhCL1HwLI21bEqdpj8/rA==
  dependencies:
    safer-buffer ">= 2.1.2 < 3"

inherits@^2.0.1, inherits@^2.0.3:
  version "2.0.3"
  resolved "https://registry.yarnpkg.com/inherits/-/inherits-2.0.3.tgz#633c2c83e3da42a502f52466022480f4208261de"
  integrity sha1-Yzwsg+PaQqUC9SRmAiSA9CCCYd4=

is-hex-prefixed@1.0.0:
  version "1.0.0"
  resolved "https://registry.yarnpkg.com/is-hex-prefixed/-/is-hex-prefixed-1.0.0.tgz#7d8d37e6ad77e5d127148913c573e082d777f554"
  integrity sha1-fY035q135dEnFIkTxXPggtd39VQ=

is-stream@^1.0.1:
  version "1.1.0"
  resolved "https://registry.yarnpkg.com/is-stream/-/is-stream-1.1.0.tgz#12d4a3dd4e68e0b79ceb8dbc84173ae80d91ca44"
  integrity sha1-EtSj3U5o4Lec6428hBc66A2RykQ=

is-typedarray@^1.0.0:
  version "1.0.0"
  resolved "https://registry.yarnpkg.com/is-typedarray/-/is-typedarray-1.0.0.tgz#e479c80858df0c1b11ddda6940f96011fcda4a9a"
  integrity sha1-5HnICFjfDBsR3dppQPlgEfzaSpo=

isarray@0.0.1:
  version "0.0.1"
  resolved "https://registry.yarnpkg.com/isarray/-/isarray-0.0.1.tgz#8a18acfca9a8f4177e09abfc6038939b05d1eedf"
  integrity sha1-ihis/Kmo9Bd+Cav8YDiTmwXR7t8=

isomorphic-fetch@^2.2.1:
  version "2.2.1"
  resolved "https://registry.yarnpkg.com/isomorphic-fetch/-/isomorphic-fetch-2.2.1.tgz#611ae1acf14f5e81f729507472819fe9733558a9"
  integrity sha1-YRrhrPFPXoH3KVB0coGf6XM1WKk=
  dependencies:
    node-fetch "^1.0.1"
    whatwg-fetch ">=0.10.0"

js-sha3@0.5.7:
  version "0.5.7"
  resolved "https://registry.yarnpkg.com/js-sha3/-/js-sha3-0.5.7.tgz#0d4ffd8002d5333aabaf4a23eed2f6374c9f28e7"
  integrity sha1-DU/9gALVMzqrr0oj7tL2N0yfKOc=

js-sha3@^0.6.1:
  version "0.6.1"
  resolved "https://registry.yarnpkg.com/js-sha3/-/js-sha3-0.6.1.tgz#5b89f77a7477679877f58c4a075240934b1f95c0"
  integrity sha1-W4n3enR3Z5h39YxKB1JAk0sflcA=

js-sha3@^0.7.0:
  version "0.7.0"
  resolved "https://registry.yarnpkg.com/js-sha3/-/js-sha3-0.7.0.tgz#0a5c57b36f79882573b2d84051f8bb85dd1bd63a"
  integrity sha512-Wpks3yBDm0UcL5qlVhwW9Jr9n9i4FfeWBFOOXP5puDS/SiudJGhw7DPyBqn3487qD4F0lsC0q3zxink37f7zeA==

jsonschema@^1.2.0:
  version "1.2.4"
  resolved "https://registry.yarnpkg.com/jsonschema/-/jsonschema-1.2.4.tgz#a46bac5d3506a254465bc548876e267c6d0d6464"
  integrity sha512-lz1nOH69GbsVHeVgEdvyavc/33oymY1AZwtePMiMj4HZPMbP5OIKK3zT9INMWjwua/V4Z4yq7wSlBbSG+g4AEw==

just-extend@^4.0.2:
  version "4.0.2"
  resolved "https://registry.yarnpkg.com/just-extend/-/just-extend-4.0.2.tgz#f3f47f7dfca0f989c55410a7ebc8854b07108afc"
  integrity sha512-FrLwOgm+iXrPV+5zDU6Jqu4gCRXbWEQg2O3SKONsWE4w7AXFRkryS53bpWdaL9cNol+AmR3AEYz6kn+o0fCPnw==

keccak@^1.0.2:
  version "1.4.0"
  resolved "https://registry.yarnpkg.com/keccak/-/keccak-1.4.0.tgz#572f8a6dbee8e7b3aa421550f9e6408ca2186f80"
  integrity sha512-eZVaCpblK5formjPjeTBik7TAg+pqnDrMHIffSvi9Lh7PQgM1+hSzakUeZFCk9DVVG0dacZJuaz2ntwlzZUIBw==
  dependencies:
    bindings "^1.2.1"
    inherits "^2.0.3"
    nan "^2.2.1"
    safe-buffer "^5.1.0"

keccakjs@^0.2.0:
  version "0.2.3"
  resolved "https://registry.yarnpkg.com/keccakjs/-/keccakjs-0.2.3.tgz#5e4e969ce39689a3861f445d7752ee3477f9fe72"
  integrity sha512-BjLkNDcfaZ6l8HBG9tH0tpmDv3sS2mA7FNQxFHpCdzP3Gb2MVruXBSuoM66SnVxKJpAr5dKGdkHD+bDokt8fTg==
  dependencies:
    browserify-sha3 "^0.0.4"
    sha3 "^1.2.2"

lodash.get@^4.4.2:
  version "4.4.2"
  resolved "https://registry.yarnpkg.com/lodash.get/-/lodash.get-4.4.2.tgz#2d177f652fa31e939b4438d5341499dfa3825e99"
  integrity sha1-LRd/ZS+jHpObRDjVNBSZ36OCXpk=

lodash.values@^4.3.0:
  version "4.3.0"
  resolved "https://registry.yarnpkg.com/lodash.values/-/lodash.values-4.3.0.tgz#a3a6c2b0ebecc5c2cba1c17e6e620fe81b53d347"
  integrity sha1-o6bCsOvsxcLLocF+bmIP6BtT00c=

lodash@^4.17.5:
  version "4.17.11"
  resolved "https://registry.yarnpkg.com/lodash/-/lodash-4.17.11.tgz#b39ea6229ef607ecd89e2c8df12536891cac9b8d"
  integrity sha512-cQKh8igo5QUhZ7lg38DYWAxMvjSAKG0A8wGSVimP07SIUEK2UO+arSRKbRZWtelMtN5V0Hkwh5ryOto/SshYIg==

lolex@^2.2.0, lolex@^2.3.2:
  version "2.7.5"
  resolved "https://registry.yarnpkg.com/lolex/-/lolex-2.7.5.tgz#113001d56bfc7e02d56e36291cc5c413d1aa0733"
  integrity sha512-l9x0+1offnKKIzYVjyXU2SiwhXDLekRzKyhnbyldPHvC7BvLPVpdNUNR2KeMAiCN2D/kLNttZgQD5WjSxuBx3Q==

md5.js@^1.3.4:
  version "1.3.5"
  resolved "https://registry.yarnpkg.com/md5.js/-/md5.js-1.3.5.tgz#b5d07b8e3216e3e27cd728d72f70d1e6a342005f"
  integrity sha512-xitP+WxNPcTTOgnTJcrhM0xvdPepipPSf3I8EIpGKeFLjt3PlJLIDG3u8EX53ZIubkb+5U2+3rELYpEhHhzdkg==
  dependencies:
    hash-base "^3.0.0"
    inherits "^2.0.1"
    safe-buffer "^5.1.2"

minimalistic-assert@^1.0.0, minimalistic-assert@^1.0.1:
  version "1.0.1"
  resolved "https://registry.yarnpkg.com/minimalistic-assert/-/minimalistic-assert-1.0.1.tgz#2e194de044626d4a10e7f7fbc00ce73e83e4d5c7"
  integrity sha512-UtJcAD4yEaGtjPezWuO9wC4nwUnVH/8/Im3yEHQP4b67cXlD/Qr9hdITCU1xDbSEXg2XKNaP8jsReV7vQd00/A==

minimalistic-crypto-utils@^1.0.0, minimalistic-crypto-utils@^1.0.1:
  version "1.0.1"
  resolved "https://registry.yarnpkg.com/minimalistic-crypto-utils/-/minimalistic-crypto-utils-1.0.1.tgz#f6c00c1c0b082246e5c4d99dfb8c7c083b2b582a"
  integrity sha1-9sAMHAsIIkblxNmd+4x8CDsrWCo=

ms@2.0.0:
  version "2.0.0"
  resolved "https://registry.yarnpkg.com/ms/-/ms-2.0.0.tgz#5608aeadfc00be6c2901df5f9861788de0d597c8"
  integrity sha1-VgiurfwAvmwpAd9fmGF4jeDVl8g=

nan@2.10.0:
  version "2.10.0"
  resolved "https://registry.yarnpkg.com/nan/-/nan-2.10.0.tgz#96d0cd610ebd58d4b4de9cc0c6828cda99c7548f"
  integrity sha512-bAdJv7fBLhWC+/Bls0Oza+mvTaNQtP+1RyhhhvD95pgUJz6XM5IzgmxOkItJ9tkoCiplvAnXI1tNmmUD/eScyA==

nan@^2.11.0, nan@^2.2.1:
  version "2.12.1"
  resolved "https://registry.yarnpkg.com/nan/-/nan-2.12.1.tgz#7b1aa193e9aa86057e3c7bbd0ac448e770925552"
  integrity sha512-JY7V6lRkStKcKTvHO5NVSQRv+RV+FIL5pvDoLiAtSL9pKlC5x9PKQcZDsq7m4FO4d57mkhC6Z+QhAh3Jdk5JFw==

nise@^1.2.0:
  version "1.4.8"
  resolved "https://registry.yarnpkg.com/nise/-/nise-1.4.8.tgz#ce91c31e86cf9b2c4cac49d7fcd7f56779bfd6b0"
  integrity sha512-kGASVhuL4tlAV0tvA34yJYZIVihrUt/5bDwpp4tTluigxUr2bBlJeDXmivb6NuEdFkqvdv/Ybb9dm16PSKUhtw==
  dependencies:
    "@sinonjs/formatio" "^3.1.0"
    just-extend "^4.0.2"
    lolex "^2.3.2"
    path-to-regexp "^1.7.0"
    text-encoding "^0.6.4"

node-fetch@^1.0.1:
  version "1.7.3"
  resolved "https://registry.yarnpkg.com/node-fetch/-/node-fetch-1.7.3.tgz#980f6f72d85211a5347c6b2bc18c5b84c3eb47ef"
  integrity sha512-NhZ4CsKx7cYm2vSrBAr2PvFOe6sWDf0UYLRqA6svUYg7+/TSfVAu49jYC4BvQ4Sms9SZgdqGBgroqfDhJdTyKQ==
  dependencies:
    encoding "^0.1.11"
    is-stream "^1.0.1"

object-assign@^4.1.0:
  version "4.1.1"
  resolved "https://registry.yarnpkg.com/object-assign/-/object-assign-4.1.1.tgz#2109adc7965887cfc05cbbd442cac8bfbb360863"
  integrity sha1-IQmtx5ZYh8/AXLvUQsrIv7s2CGM=

path-to-regexp@^1.7.0:
  version "1.7.0"
  resolved "https://registry.yarnpkg.com/path-to-regexp/-/path-to-regexp-1.7.0.tgz#59fde0f435badacba103a84e9d3bc64e96b9937d"
  integrity sha1-Wf3g9DW62suhA6hOnTvGTpa5k30=
  dependencies:
    isarray "0.0.1"

popper.js@1.14.3:
  version "1.14.3"
  resolved "https://registry.yarnpkg.com/popper.js/-/popper.js-1.14.3.tgz#1438f98d046acf7b4d78cd502bf418ac64d4f095"
  integrity sha1-FDj5jQRqz3tNeM1QK/QYrGTU8JU=

query-string@^5.0.1:
  version "5.1.1"
  resolved "https://registry.yarnpkg.com/query-string/-/query-string-5.1.1.tgz#a78c012b71c17e05f2e3fa2319dd330682efb3cb"
  integrity sha512-gjWOsm2SoGlgLEdAGt7a6slVOk9mGiXmPFMqrEhLQ68rhQuBnpfs3+EmlvqKyxnCo9/PPlF+9MtY02S1aFg+Jw==
  dependencies:
    decode-uri-component "^0.2.0"
    object-assign "^4.1.0"
    strict-uri-encode "^1.0.0"

ripemd160@^2.0.0, ripemd160@^2.0.1:
  version "2.0.2"
  resolved "https://registry.yarnpkg.com/ripemd160/-/ripemd160-2.0.2.tgz#a1c1a6f624751577ba5d07914cbc92850585890c"
  integrity sha512-ii4iagi25WusVoiC4B4lq7pbXfAp3D9v5CwfkY33vffw2+pkDjY1D8GaN7spsxvCSx8dkPqOZCEZyfxcmJG2IA==
  dependencies:
    hash-base "^3.0.0"
    inherits "^2.0.1"

rlp@^2.0.0:
  version "2.2.2"
  resolved "https://registry.yarnpkg.com/rlp/-/rlp-2.2.2.tgz#e6677b83cca9105371d930e01d8ffc1263139d05"
  integrity sha512-Ng2kJEN731Sfv4ZAY2i0ytPMc0BbJKBsVNl0QZY8LxOWSwd+1xpg+fpSRfaMn0heHU447s6Kgy8qfHZR0XTyVw==
  dependencies:
    bn.js "^4.11.1"
    safe-buffer "^5.1.1"

safe-buffer@^5.0.1, safe-buffer@^5.1.0, safe-buffer@^5.1.1, safe-buffer@^5.1.2:
  version "5.1.2"
  resolved "https://registry.yarnpkg.com/safe-buffer/-/safe-buffer-5.1.2.tgz#991ec69d296e0313747d59bdfd2b745c35f8828d"
  integrity sha512-Gd2UZBJDkXlY7GbJxfsE8/nvKkUEU1G38c1siN6QP6a9PT9MmHB8GnpscSmMJSoF8LOIrt8ud/wPtojys4G6+g==

"safer-buffer@>= 2.1.2 < 3":
  version "2.1.2"
  resolved "https://registry.yarnpkg.com/safer-buffer/-/safer-buffer-2.1.2.tgz#44fa161b0187b9549dd84bb91802f9bd8385cd6a"
  integrity sha512-YZo3K82SD7Riyi0E1EQPojLz7kpepnSQI9IyPbHHg1XXXevb5dJI7tpyN2ADxGcQbHG7vcyRHk0cbwqcQriUtg==

samsam@1.3.0:
  version "1.3.0"
  resolved "https://registry.yarnpkg.com/samsam/-/samsam-1.3.0.tgz#8d1d9350e25622da30de3e44ba692b5221ab7c50"
  integrity sha512-1HwIYD/8UlOtFS3QO3w7ey+SdSDFE4HRNLZoZRYVQefrOY3l17epswImeB1ijgJFQJodIaHcwkp3r/myBjFVbg==

scrypt-js@2.0.4:
  version "2.0.4"
  resolved "https://registry.yarnpkg.com/scrypt-js/-/scrypt-js-2.0.4.tgz#32f8c5149f0797672e551c07e230f834b6af5f16"
  integrity sha512-4KsaGcPnuhtCZQCxFxN3GVYIhKFPTdLd8PLC552XwbMndtD0cjRFAhDuuydXQ0h08ZfPgzqe6EKHozpuH74iDw==

secp256k1@^3.0.1:
  version "3.6.1"
  resolved "https://registry.yarnpkg.com/secp256k1/-/secp256k1-3.6.1.tgz#f0475d42096218ff00e45a127242abdff9285335"
  integrity sha512-utLpWv4P4agEw7hakR73wlWX0NBmC5t/vkJ0TAfTyvETAUzo0tm6aFKPYetVYRaVubxMeWm5Ekv9ETwOgcDCqw==
  dependencies:
    bindings "^1.2.1"
    bip66 "^1.1.3"
    bn.js "^4.11.3"
    create-hash "^1.1.2"
    drbg.js "^1.0.1"
    elliptic "^6.2.3"
    nan "^2.2.1"
    safe-buffer "^5.1.0"

setimmediate@1.0.4:
  version "1.0.4"
  resolved "https://registry.yarnpkg.com/setimmediate/-/setimmediate-1.0.4.tgz#20e81de622d4a02588ce0c8da8973cbcf1d3138f"
  integrity sha1-IOgd5iLUoCWIzgyNqJc8vPHTE48=

sha.js@^2.4.0, sha.js@^2.4.8:
  version "2.4.11"
  resolved "https://registry.yarnpkg.com/sha.js/-/sha.js-2.4.11.tgz#37a5cf0b81ecbc6943de109ba2960d1b26584ae7"
  integrity sha512-QMEp5B7cftE7APOjk5Y6xgrbWu+WkLVQwk8JNjZ8nKRciZaByEW6MubieAiToS7+dwvrjGhH8jRXz3MVd0AYqQ==
  dependencies:
    inherits "^2.0.1"
    safe-buffer "^5.0.1"

sha3@^1.2.2:
  version "1.2.2"
  resolved "https://registry.yarnpkg.com/sha3/-/sha3-1.2.2.tgz#a66c5098de4c25bc88336ec8b4817d005bca7ba9"
  integrity sha1-pmxQmN5MJbyIM27ItIF9AFvKe6k=
  dependencies:
    nan "2.10.0"

sinon@^4.0.0:
  version "4.5.0"
  resolved "https://registry.yarnpkg.com/sinon/-/sinon-4.5.0.tgz#427ae312a337d3c516804ce2754e8c0d5028cb04"
  integrity sha512-trdx+mB0VBBgoYucy6a9L7/jfQOmvGeaKZT4OOJ+lPAtI8623xyGr8wLiE4eojzBS8G9yXbhx42GHUOVLr4X2w==
  dependencies:
    "@sinonjs/formatio" "^2.0.0"
    diff "^3.1.0"
    lodash.get "^4.4.2"
    lolex "^2.2.0"
    nise "^1.2.0"
    supports-color "^5.1.0"
    type-detect "^4.0.5"

strict-uri-encode@^1.0.0:
  version "1.1.0"
  resolved "https://registry.yarnpkg.com/strict-uri-encode/-/strict-uri-encode-1.1.0.tgz#279b225df1d582b1f54e65addd4352e18faa0713"
  integrity sha1-J5siXfHVgrH1TmWt3UNS4Y+qBxM=

strip-hex-prefix@1.0.0:
  version "1.0.0"
  resolved "https://registry.yarnpkg.com/strip-hex-prefix/-/strip-hex-prefix-1.0.0.tgz#0c5f155fef1151373377de9dbb588da05500e36f"
  integrity sha1-DF8VX+8RUTczd96du1iNoFUA428=
  dependencies:
    is-hex-prefixed "1.0.0"

supports-color@^5.1.0, supports-color@^5.3.0:
  version "5.5.0"
  resolved "https://registry.yarnpkg.com/supports-color/-/supports-color-5.5.0.tgz#e2e69a44ac8772f78a1ec0b35b689df6530efc8f"
  integrity sha512-QjVjwdXIt408MIiAqCX4oUKsgU2EqAGzs2Ppkm4aQYbjm+ZEWEcW4SfFNTr4uMNZma0ey4f5lgLrkB0aX0QMow==
  dependencies:
    has-flag "^3.0.0"

text-encoding@^0.6.4:
  version "0.6.4"
  resolved "https://registry.yarnpkg.com/text-encoding/-/text-encoding-0.6.4.tgz#e399a982257a276dae428bb92845cb71bdc26d19"
  integrity sha1-45mpgiV6J22uQou5KEXLcb3CbRk=

type-detect@4.0.8, type-detect@^4.0.5:
  version "4.0.8"
  resolved "https://registry.yarnpkg.com/type-detect/-/type-detect-4.0.8.tgz#7646fb5f18871cfbb7749e69bd39a6388eb7450c"
  integrity sha512-0fr/mIH1dlO+x7TlcMy+bIDqKPsw/70tVyeHW787goQjhmqaZe10uwLujubK9q9Lg6Fiho1KUKDYz0Z7k7g5/g==

typedarray-to-buffer@^3.1.5:
  version "3.1.5"
  resolved "https://registry.yarnpkg.com/typedarray-to-buffer/-/typedarray-to-buffer-3.1.5.tgz#a97ee7a9ff42691b9f783ff1bc5112fe3fca9080"
  integrity sha512-zdu8XMNEDepKKR+XYOXAVPtWui0ly0NtohUscw+UmaHiAWT8hrV1rr//H6V+0DvJ3OQ19S979M0laLfX8rm82Q==
  dependencies:
    is-typedarray "^1.0.0"

uuid@2.0.1:
  version "2.0.1"
  resolved "https://registry.yarnpkg.com/uuid/-/uuid-2.0.1.tgz#c2a30dedb3e535d72ccf82e343941a50ba8533ac"
  integrity sha1-wqMN7bPlNdcsz4LjQ5QaULqFM6w=

uuid@^3.3.2:
  version "3.3.2"
  resolved "https://registry.yarnpkg.com/uuid/-/uuid-3.3.2.tgz#1b4af4955eb3077c501c23872fc6513811587131"
  integrity sha512-yXJmeNaw3DnnKAOKJE51sL/ZaYfWJRl1pK9dr19YFCu0ObS231AB1/LbqTKRAQ5kw8A90rA6fr4riOUpTZvQZA==

valid-url@^1.0.9:
  version "1.0.9"
  resolved "https://registry.yarnpkg.com/valid-url/-/valid-url-1.0.9.tgz#1c14479b40f1397a75782f115e4086447433a200"
  integrity sha1-HBRHm0DxOXp1eC8RXkCGRHQzogA=

websocket@^1.0.25:
  version "1.0.28"
  resolved "https://registry.yarnpkg.com/websocket/-/websocket-1.0.28.tgz#9e5f6fdc8a3fe01d4422647ef93abdd8d45a78d3"
  integrity sha512-00y/20/80P7H4bCYkzuuvvfDvh+dgtXi5kzDf3UcZwN6boTYaKvsrtZ5lIYm1Gsg48siMErd9M4zjSYfYFHTrA==
  dependencies:
    debug "^2.2.0"
    nan "^2.11.0"
    typedarray-to-buffer "^3.1.5"
    yaeti "^0.0.6"

whatwg-fetch@>=0.10.0:
  version "3.0.0"
  resolved "https://registry.yarnpkg.com/whatwg-fetch/-/whatwg-fetch-3.0.0.tgz#fc804e458cc460009b1a2b966bc8817d2578aefb"
  integrity sha512-9GSJUgz1D4MfyKU7KRqwOjXCXTqWdFNvEr7eUBYchQiVc744mqK/MzXPNR2WsPkmkOa4ywfg8C2n8h+13Bey1Q==

xmlhttprequest@1.8.0:
  version "1.8.0"
  resolved "https://registry.yarnpkg.com/xmlhttprequest/-/xmlhttprequest-1.8.0.tgz#67fe075c5c24fef39f9d65f5f7b7fe75171968fc"
  integrity sha1-Z/4HXFwk/vOfnWX197f+dRcZaPw=

yaeti@^0.0.6:
  version "0.0.6"
  resolved "https://registry.yarnpkg.com/yaeti/-/yaeti-0.0.6.tgz#f26f484d72684cf42bedfb76970aa1608fbf9577"
  integrity sha1-8m9ITXJoTPQr7ft2lwqhYI+/lXc=
